PODS:
  - FlutterMacOS (1.0.0)
  - video_raw_data (0.0.1):
    - FlutterMacOS

DEPENDENCIES:
  - FlutterMacOS (from `Flutter/ephemeral`)
  - video_raw_data (from `Flutter/ephemeral/.symlinks/plugins/video_raw_data/macos`)

EXTERNAL SOURCES:
  FlutterMacOS:
    :path: Flutter/ephemeral
  video_raw_data:
    :path: Flutter/ephemeral/.symlinks/plugins/video_raw_data/macos

SPEC CHECKSUMS:
  FlutterMacOS: 57701585bf7de1b3fc2bb61f6378d73bbdea8424
  video_raw_data: f7094bae2ee352640855d245a120beea31b0ed6e

PODFILE CHECKSUM: 6eac6b3292e5142cfc23bdeb71848a40ec51c14c

COCOAPODS: 1.12.1
